
Microsoft Visual Studio Solution File, Format Version 12.00
# Visual Studio Version 16
VisualStudioVersion = 16.0.34729.46
MinimumVisualStudioVersion = 10.0.40219.1
Project("{FAE04EC0-301F-11D3-BF4B-00C04F79EFBC}") = "MethodsAndObjects", "MethodsAndObjects\MethodsAndObjects.csproj", "{6B8025F2-456E-41ED-981C-46CD2D17AD56}"
EndProject
Global
	GlobalSection(SolutionConfigurationPlatforms) = preSolution
		Debug|Any CPU = Debug|Any CPU
		Release|Any CPU = Release|Any CPU
	EndGlobalSection
	GlobalSection(ProjectConfigurationPlatforms) = postSolution
		{6B8025F2-456E-41ED-981C-46CD2D17AD56}.Debug|Any CPU.ActiveCfg = Debug|Any CPU
		{6B8025F2-456E-41ED-981C-46CD2D17AD56}.Debug|Any CPU.Build.0 = Debug|Any CPU
		{6B8025F2-456E-41ED-981C-46CD2D17AD56}.Release|Any CPU.ActiveCfg = Release|Any CPU
		{6B8025F2-456E-41ED-981C-46CD2D17AD56}.Release|Any CPU.Build.0 = Release|Any CPU
	EndGlobalSection
	GlobalSection(SolutionProperties) = preSolution
		HideSolutionNode = FALSE
	EndGlobalSection
	GlobalSection(ExtensibilityGlobals) = postSolution
		SolutionGuid = {85983292-7256-41E1-85C1-A60175AEF738}
	EndGlobalSection
EndGlobal
