
Microsoft Visual Studio Solution File, Format Version 12.00
# Visual Studio Version 16
VisualStudioVersion = 16.0.34729.46
MinimumVisualStudioVersion = 10.0.40219.1
Project("{FAE04EC0-301F-11D3-BF4B-00C04F79EFBC}") = "CallingMethodsAssignment", "CallingMethodsAssignment\CallingMethodsAssignment.csproj", "{B44768C1-C11D-4DCE-862D-DA39A7D97A19}"
EndProject
Global
	GlobalSection(SolutionConfigurationPlatforms) = preSolution
		Debug|Any CPU = Debug|Any CPU
		Release|Any CPU = Release|Any CPU
	EndGlobalSection
	GlobalSection(ProjectConfigurationPlatforms) = postSolution
		{B44768C1-C11D-4DCE-862D-DA39A7D97A19}.Debug|Any CPU.ActiveCfg = Debug|Any CPU
		{B44768C1-C11D-4DCE-862D-DA39A7D97A19}.Debug|Any CPU.Build.0 = Debug|Any CPU
		{B44768C1-C11D-4DCE-862D-DA39A7D97A19}.Release|Any CPU.ActiveCfg = Release|Any CPU
		{B44768C1-C11D-4DCE-862D-DA39A7D97A19}.Release|Any CPU.Build.0 = Release|Any CPU
	EndGlobalSection
	GlobalSection(SolutionProperties) = preSolution
		HideSolutionNode = FALSE
	EndGlobalSection
	GlobalSection(ExtensibilityGlobals) = postSolution
		SolutionGuid = {FFEADB0D-7916-429C-B3AA-4EEC4F5D40AD}
	EndGlobalSection
EndGlobal
